
Microsoft Visual Studio Solution File, Format Version 12.00
# Visual Studio Version 17
VisualStudioVersion = 17.14.36429.23 d17.14
MinimumVisualStudioVersion = 10.0.40219.1
Project("{FAE04EC0-301F-11D3-BF4B-00C04F79EFBC}") = "StabilniManzelstvi", "StabilniManzelstvi.csproj", "{FC43B0F7-CC63-487A-9B8B-E6ABDA97932E}"
EndProject
Global
	GlobalSection(SolutionConfigurationPlatforms) = preSolution
		Debug|Any CPU = Debug|Any CPU
		Release|Any CPU = Release|Any CPU
	EndGlobalSection
	GlobalSection(ProjectConfigurationPlatforms) = postSolution
		{FC43B0F7-CC63-487A-9B8B-E6ABDA97932E}.Debug|Any CPU.ActiveCfg = Debug|Any CPU
		{FC43B0F7-CC63-487A-9B8B-E6ABDA97932E}.Debug|Any CPU.Build.0 = Debug|Any CPU
		{FC43B0F7-CC63-487A-9B8B-E6ABDA97932E}.Release|Any CPU.ActiveCfg = Release|Any CPU
		{FC43B0F7-CC63-487A-9B8B-E6ABDA97932E}.Release|Any CPU.Build.0 = Release|Any CPU
	EndGlobalSection
	GlobalSection(SolutionProperties) = preSolution
		HideSolutionNode = FALSE
	EndGlobalSection
	GlobalSection(ExtensibilityGlobals) = postSolution
		SolutionGuid = {C8A37636-D69F-44D9-BB50-F0347403E068}
	EndGlobalSection
EndGlobal
