
Microsoft Visual Studio Solution File, Format Version 12.00
# Visual Studio Version 17
VisualStudioVersion = 17.14.36429.23 d17.14
MinimumVisualStudioVersion = 10.0.40219.1
Project("{FAE04EC0-301F-11D3-BF4B-00C04F79EFBC}") = "Matematika", "Matematika.csproj", "{19DF9D89-0ECA-4D45-8624-51283B63DC06}"
EndProject
Global
	GlobalSection(SolutionConfigurationPlatforms) = preSolution
		Debug|Any CPU = Debug|Any CPU
		Release|Any CPU = Release|Any CPU
	EndGlobalSection
	GlobalSection(ProjectConfigurationPlatforms) = postSolution
		{19DF9D89-0ECA-4D45-8624-51283B63DC06}.Debug|Any CPU.ActiveCfg = Debug|Any CPU
		{19DF9D89-0ECA-4D45-8624-51283B63DC06}.Debug|Any CPU.Build.0 = Debug|Any CPU
		{19DF9D89-0ECA-4D45-8624-51283B63DC06}.Release|Any CPU.ActiveCfg = Release|Any CPU
		{19DF9D89-0ECA-4D45-8624-51283B63DC06}.Release|Any CPU.Build.0 = Release|Any CPU
	EndGlobalSection
	GlobalSection(SolutionProperties) = preSolution
		HideSolutionNode = FALSE
	EndGlobalSection
	GlobalSection(ExtensibilityGlobals) = postSolution
		SolutionGuid = {7C16C746-8E7E-4B49-8324-BACE441B1A91}
	EndGlobalSection
EndGlobal
