
Microsoft Visual Studio Solution File, Format Version 12.00
# Visual Studio Version 17
VisualStudioVersion = 17.14.36212.18 d17.14
MinimumVisualStudioVersion = 10.0.40219.1
Project("{FAE04EC0-301F-11D3-BF4B-00C04F79EFBC}") = "Coins", "Coins.csproj", "{635EA923-81FB-44EF-8CB0-0132C7488483}"
EndProject
Global
	GlobalSection(SolutionConfigurationPlatforms) = preSolution
		Debug|Any CPU = Debug|Any CPU
		Release|Any CPU = Release|Any CPU
	EndGlobalSection
	GlobalSection(ProjectConfigurationPlatforms) = postSolution
		{635EA923-81FB-44EF-8CB0-0132C7488483}.Debug|Any CPU.ActiveCfg = Debug|Any CPU
		{635EA923-81FB-44EF-8CB0-0132C7488483}.Debug|Any CPU.Build.0 = Debug|Any CPU
		{635EA923-81FB-44EF-8CB0-0132C7488483}.Release|Any CPU.ActiveCfg = Release|Any CPU
		{635EA923-81FB-44EF-8CB0-0132C7488483}.Release|Any CPU.Build.0 = Release|Any CPU
	EndGlobalSection
	GlobalSection(SolutionProperties) = preSolution
		HideSolutionNode = FALSE
	EndGlobalSection
	GlobalSection(ExtensibilityGlobals) = postSolution
		SolutionGuid = {3FF626B6-153B-48B4-B574-82675E96F505}
	EndGlobalSection
EndGlobal
